
Microsoft Visual Studio Solution File, Format Version 12.00
# Visual Studio Version 17
VisualStudioVersion = 17.14.36121.58 d17.14
MinimumVisualStudioVersion = 10.0.40219.1
Project("{FAE04EC0-301F-11D3-BF4B-00C04F79EFBC}") = "trabalho_bd_log", "trabalho_bd_log.csproj", "{6FBE9E69-0C2F-422C-8AB0-A849F89D2095}"
EndProject
Global
	GlobalSection(SolutionConfigurationPlatforms) = preSolution
		Debug|Any CPU = Debug|Any CPU
		Release|Any CPU = Release|Any CPU
	EndGlobalSection
	GlobalSection(ProjectConfigurationPlatforms) = postSolution
		{6FBE9E69-0C2F-422C-8AB0-A849F89D2095}.Debug|Any CPU.ActiveCfg = Debug|Any CPU
		{6FBE9E69-0C2F-422C-8AB0-A849F89D2095}.Debug|Any CPU.Build.0 = Debug|Any CPU
		{6FBE9E69-0C2F-422C-8AB0-A849F89D2095}.Release|Any CPU.ActiveCfg = Release|Any CPU
		{6FBE9E69-0C2F-422C-8AB0-A849F89D2095}.Release|Any CPU.Build.0 = Release|Any CPU
	EndGlobalSection
	GlobalSection(SolutionProperties) = preSolution
		HideSolutionNode = FALSE
	EndGlobalSection
	GlobalSection(ExtensibilityGlobals) = postSolution
		SolutionGuid = {34EC1544-0DB5-41AC-9F2B-274136D33B1E}
	EndGlobalSection
EndGlobal
